
Microsoft Visual Studio Solution File, Format Version 12.00
# Visual Studio Version 17
VisualStudioVersion = 17.8.34330.188
MinimumVisualStudioVersion = 10.0.40219.1
Project("{FAE04EC0-301F-11D3-BF4B-00C04F79EFBC}") = "PL", "PL\PL.csproj", "{E18131CC-D77F-41A8-AA15-60786688FC1A}"
EndProject
Project("{FAE04EC0-301F-11D3-BF4B-00C04F79EFBC}") = "ML", "ML\ML.csproj", "{59CECCCA-195E-4B41-9E8E-EB4A0F6143D8}"
EndProject
Project("{FAE04EC0-301F-11D3-BF4B-00C04F79EFBC}") = "DL", "DL\DL.csproj", "{F829C68F-5AC1-4F41-939E-5FE70AD7D226}"
EndProject
Project("{FAE04EC0-301F-11D3-BF4B-00C04F79EFBC}") = "BL", "BL\BL.csproj", "{970115B2-653B-4266-BC57-8522D9D2EC0C}"
EndProject
Project("{FAE04EC0-301F-11D3-BF4B-00C04F79EFBC}") = "PL_MVC", "PL_MVC\PL_MVC.csproj", "{ED3B7384-CEF1-4816-916A-CBC7B5A1F635}"
EndProject
Global
	GlobalSection(SolutionConfigurationPlatforms) = preSolution
		Debug|Any CPU = Debug|Any CPU
		Release|Any CPU = Release|Any CPU
	EndGlobalSection
	GlobalSection(ProjectConfigurationPlatforms) = postSolution
		{E18131CC-D77F-41A8-AA15-60786688FC1A}.Debug|Any CPU.ActiveCfg = Debug|Any CPU
		{E18131CC-D77F-41A8-AA15-60786688FC1A}.Debug|Any CPU.Build.0 = Debug|Any CPU
		{E18131CC-D77F-41A8-AA15-60786688FC1A}.Release|Any CPU.ActiveCfg = Release|Any CPU
		{E18131CC-D77F-41A8-AA15-60786688FC1A}.Release|Any CPU.Build.0 = Release|Any CPU
		{59CECCCA-195E-4B41-9E8E-EB4A0F6143D8}.Debug|Any CPU.ActiveCfg = Debug|Any CPU
		{59CECCCA-195E-4B41-9E8E-EB4A0F6143D8}.Debug|Any CPU.Build.0 = Debug|Any CPU
		{59CECCCA-195E-4B41-9E8E-EB4A0F6143D8}.Release|Any CPU.ActiveCfg = Release|Any CPU
		{59CECCCA-195E-4B41-9E8E-EB4A0F6143D8}.Release|Any CPU.Build.0 = Release|Any CPU
		{F829C68F-5AC1-4F41-939E-5FE70AD7D226}.Debug|Any CPU.ActiveCfg = Debug|Any CPU
		{F829C68F-5AC1-4F41-939E-5FE70AD7D226}.Debug|Any CPU.Build.0 = Debug|Any CPU
		{F829C68F-5AC1-4F41-939E-5FE70AD7D226}.Release|Any CPU.ActiveCfg = Release|Any CPU
		{F829C68F-5AC1-4F41-939E-5FE70AD7D226}.Release|Any CPU.Build.0 = Release|Any CPU
		{970115B2-653B-4266-BC57-8522D9D2EC0C}.Debug|Any CPU.ActiveCfg = Debug|Any CPU
		{970115B2-653B-4266-BC57-8522D9D2EC0C}.Debug|Any CPU.Build.0 = Debug|Any CPU
		{970115B2-653B-4266-BC57-8522D9D2EC0C}.Release|Any CPU.ActiveCfg = Release|Any CPU
		{970115B2-653B-4266-BC57-8522D9D2EC0C}.Release|Any CPU.Build.0 = Release|Any CPU
		{ED3B7384-CEF1-4816-916A-CBC7B5A1F635}.Debug|Any CPU.ActiveCfg = Debug|Any CPU
		{ED3B7384-CEF1-4816-916A-CBC7B5A1F635}.Debug|Any CPU.Build.0 = Debug|Any CPU
		{ED3B7384-CEF1-4816-916A-CBC7B5A1F635}.Release|Any CPU.ActiveCfg = Release|Any CPU
		{ED3B7384-CEF1-4816-916A-CBC7B5A1F635}.Release|Any CPU.Build.0 = Release|Any CPU
	EndGlobalSection
	GlobalSection(SolutionProperties) = preSolution
		HideSolutionNode = FALSE
	EndGlobalSection
	GlobalSection(ExtensibilityGlobals) = postSolution
		SolutionGuid = {20EFE23B-5B60-4CC7-B975-1921D4796B3B}
	EndGlobalSection
EndGlobal
